
Microsoft Visual Studio Solution File, Format Version 12.00
# Visual Studio 15
VisualStudioVersion = 15.0.28010.2050
MinimumVisualStudioVersion = 10.0.40219.1
Project("{8BC9CEB8-8B4A-11D0-8D11-00A0C91BC942}") = "DefaultProject", "DefaultProject.vcxproj", "{B9C41383-3F85-4B2C-B851-7467E402DA2D}"
EndProject
Global
	GlobalSection(SolutionConfigurationPlatforms) = preSolution
		Debug|x64 = Debug|x64
		Debug|x86 = Debug|x86
		Release|x64 = Release|x64
		Release|x86 = Release|x86
	EndGlobalSection
	GlobalSection(ProjectConfigurationPlatforms) = postSolution
		{B9C41383-3F85-4B2C-B851-7467E402DA2D}.Debug|x64.ActiveCfg = Debug|x64
		{B9C41383-3F85-4B2C-B851-7467E402DA2D}.Debug|x64.Build.0 = Debug|x64
		{B9C41383-3F85-4B2C-B851-7467E402DA2D}.Debug|x86.ActiveCfg = Debug|Win32
		{B9C41383-3F85-4B2C-B851-7467E402DA2D}.Debug|x86.Build.0 = Debug|Win32
		{B9C41383-3F85-4B2C-B851-7467E402DA2D}.Release|x64.ActiveCfg = Release|x64
		{B9C41383-3F85-4B2C-B851-7467E402DA2D}.Release|x64.Build.0 = Release|x64
		{B9C41383-3F85-4B2C-B851-7467E402DA2D}.Release|x86.ActiveCfg = Release|Win32
		{B9C41383-3F85-4B2C-B851-7467E402DA2D}.Release|x86.Build.0 = Release|Win32
	EndGlobalSection
	GlobalSection(SolutionProperties) = preSolution
		HideSolutionNode = FALSE
	EndGlobalSection
	GlobalSection(ExtensibilityGlobals) = postSolution
		SolutionGuid = {34E8AD40-CA6E-445C-83D9-29918DF2B399}
	EndGlobalSection
EndGlobal
